
Microsoft Visual Studio Solution File, Format Version 12.00
# Visual Studio Version 17
VisualStudioVersion = 17.8.34408.163
MinimumVisualStudioVersion = 10.0.40219.1
Project("{9A19103F-16F7-4668-BE54-9A1E7A4F7556}") = "00.Algorithm", "00.Algorithm\00.Algorithm.csproj", "{FCE2B120-C7A6-4E28-B3C0-3713430649F3}"
EndProject
Project("{9A19103F-16F7-4668-BE54-9A1E7A4F7556}") = "01.List", "01.List\01.List.csproj", "{2FDDD247-E4C0-43CB-AD7C-7DCA3C7188E9}"
EndProject
Project("{9A19103F-16F7-4668-BE54-9A1E7A4F7556}") = "02.LinkedList", "02.LinkedList\02.LinkedList.csproj", "{F968CFFC-7E38-438A-8EAF-BA2093DE7861}"
EndProject
Project("{9A19103F-16F7-4668-BE54-9A1E7A4F7556}") = "240112.homework", "ClassTest\240112.homework.csproj", "{4E22E443-A4CD-4DBD-9892-35C0A9A65651}"
EndProject
Project("{9A19103F-16F7-4668-BE54-9A1E7A4F7556}") = "03.Stack", "03.Stack\03.Stack.csproj", "{538AD7F6-5204-427F-A0D6-F7880C8E4B21}"
EndProject
Project("{9A19103F-16F7-4668-BE54-9A1E7A4F7556}") = "04.Queue", "04.Queue\04.Queue.csproj", "{418E7032-19AA-4F00-8676-90CC2F8EA9DF}"
EndProject
Project("{9A19103F-16F7-4668-BE54-9A1E7A4F7556}") = "240115.homework", "240115.homework\240115.homework.csproj", "{CBD4325D-00EC-47D3-8EFE-F76564C15C14}"
EndProject
Project("{FAE04EC0-301F-11D3-BF4B-00C04F79EFBC}") = "05.BinarySearchTree", "05.BinarySearchTree\05.BinarySearchTree.csproj", "{8EFF1681-8EB2-4F9C-80A4-C0B72618BE04}"
EndProject
Global
	GlobalSection(SolutionConfigurationPlatforms) = preSolution
		Debug|Any CPU = Debug|Any CPU
		Release|Any CPU = Release|Any CPU
	EndGlobalSection
	GlobalSection(ProjectConfigurationPlatforms) = postSolution
		{FCE2B120-C7A6-4E28-B3C0-3713430649F3}.Debug|Any CPU.ActiveCfg = Debug|Any CPU
		{FCE2B120-C7A6-4E28-B3C0-3713430649F3}.Debug|Any CPU.Build.0 = Debug|Any CPU
		{FCE2B120-C7A6-4E28-B3C0-3713430649F3}.Release|Any CPU.ActiveCfg = Release|Any CPU
		{FCE2B120-C7A6-4E28-B3C0-3713430649F3}.Release|Any CPU.Build.0 = Release|Any CPU
		{2FDDD247-E4C0-43CB-AD7C-7DCA3C7188E9}.Debug|Any CPU.ActiveCfg = Debug|Any CPU
		{2FDDD247-E4C0-43CB-AD7C-7DCA3C7188E9}.Debug|Any CPU.Build.0 = Debug|Any CPU
		{2FDDD247-E4C0-43CB-AD7C-7DCA3C7188E9}.Release|Any CPU.ActiveCfg = Release|Any CPU
		{2FDDD247-E4C0-43CB-AD7C-7DCA3C7188E9}.Release|Any CPU.Build.0 = Release|Any CPU
		{F968CFFC-7E38-438A-8EAF-BA2093DE7861}.Debug|Any CPU.ActiveCfg = Debug|Any CPU
		{F968CFFC-7E38-438A-8EAF-BA2093DE7861}.Debug|Any CPU.Build.0 = Debug|Any CPU
		{F968CFFC-7E38-438A-8EAF-BA2093DE7861}.Release|Any CPU.ActiveCfg = Release|Any CPU
		{F968CFFC-7E38-438A-8EAF-BA2093DE7861}.Release|Any CPU.Build.0 = Release|Any CPU
		{4E22E443-A4CD-4DBD-9892-35C0A9A65651}.Debug|Any CPU.ActiveCfg = Debug|Any CPU
		{4E22E443-A4CD-4DBD-9892-35C0A9A65651}.Debug|Any CPU.Build.0 = Debug|Any CPU
		{4E22E443-A4CD-4DBD-9892-35C0A9A65651}.Release|Any CPU.ActiveCfg = Release|Any CPU
		{4E22E443-A4CD-4DBD-9892-35C0A9A65651}.Release|Any CPU.Build.0 = Release|Any CPU
		{538AD7F6-5204-427F-A0D6-F7880C8E4B21}.Debug|Any CPU.ActiveCfg = Debug|Any CPU
		{538AD7F6-5204-427F-A0D6-F7880C8E4B21}.Debug|Any CPU.Build.0 = Debug|Any CPU
		{538AD7F6-5204-427F-A0D6-F7880C8E4B21}.Release|Any CPU.ActiveCfg = Release|Any CPU
		{538AD7F6-5204-427F-A0D6-F7880C8E4B21}.Release|Any CPU.Build.0 = Release|Any CPU
		{418E7032-19AA-4F00-8676-90CC2F8EA9DF}.Debug|Any CPU.ActiveCfg = Debug|Any CPU
		{418E7032-19AA-4F00-8676-90CC2F8EA9DF}.Debug|Any CPU.Build.0 = Debug|Any CPU
		{418E7032-19AA-4F00-8676-90CC2F8EA9DF}.Release|Any CPU.ActiveCfg = Release|Any CPU
		{418E7032-19AA-4F00-8676-90CC2F8EA9DF}.Release|Any CPU.Build.0 = Release|Any CPU
		{CBD4325D-00EC-47D3-8EFE-F76564C15C14}.Debug|Any CPU.ActiveCfg = Debug|Any CPU
		{CBD4325D-00EC-47D3-8EFE-F76564C15C14}.Debug|Any CPU.Build.0 = Debug|Any CPU
		{CBD4325D-00EC-47D3-8EFE-F76564C15C14}.Release|Any CPU.ActiveCfg = Release|Any CPU
		{CBD4325D-00EC-47D3-8EFE-F76564C15C14}.Release|Any CPU.Build.0 = Release|Any CPU
		{8EFF1681-8EB2-4F9C-80A4-C0B72618BE04}.Debug|Any CPU.ActiveCfg = Debug|Any CPU
		{8EFF1681-8EB2-4F9C-80A4-C0B72618BE04}.Debug|Any CPU.Build.0 = Debug|Any CPU
		{8EFF1681-8EB2-4F9C-80A4-C0B72618BE04}.Release|Any CPU.ActiveCfg = Release|Any CPU
		{8EFF1681-8EB2-4F9C-80A4-C0B72618BE04}.Release|Any CPU.Build.0 = Release|Any CPU
	EndGlobalSection
	GlobalSection(SolutionProperties) = preSolution
		HideSolutionNode = FALSE
	EndGlobalSection
	GlobalSection(ExtensibilityGlobals) = postSolution
		SolutionGuid = {263E3DF6-0E23-4452-85C4-DA78712AA4CF}
	EndGlobalSection
EndGlobal
